// !$*UTF8*$!
{
	archiveVersion = 1;
	classes = {
	};
	objectVersion = 46;
	objects = {

/* Begin PBXAggregateTarget section */
		"PuzzleModule::PuzzleModulePackageTests::ProductTarget" /* PuzzleModulePackageTests */ = {
			isa = PBXAggregateTarget;
			buildConfigurationList = OBJ_79 /* Build configuration list for PBXAggregateTarget "PuzzleModulePackageTests" */;
			buildPhases = (
			);
			dependencies = (
				OBJ_82 /* PBXTargetDependency */,
			);
			name = PuzzleModulePackageTests;
			productName = PuzzleModulePackageTests;
		};
/* End PBXAggregateTarget section */

/* Begin PBXBuildFile section */
		OBJ_49 /* BoardViewController.swift in Sources */ = {isa = PBXBuildFile; fileRef = OBJ_14 /* BoardViewController.swift */; };
		OBJ_50 /* CATransaction+Instant.swift in Sources */ = {isa = PBXBuildFile; fileRef = OBJ_15 /* CATransaction+Instant.swift */; };
		OBJ_51 /* EAPuzzleConfiguration.swift in Sources */ = {isa = PBXBuildFile; fileRef = OBJ_16 /* EAPuzzleConfiguration.swift */; };
		OBJ_52 /* PaletteCell.swift in Sources */ = {isa = PBXBuildFile; fileRef = OBJ_17 /* PaletteCell.swift */; };
		OBJ_53 /* PaletteOutput.swift in Sources */ = {isa = PBXBuildFile; fileRef = OBJ_18 /* PaletteOutput.swift */; };
		OBJ_54 /* PaletteViewController.swift in Sources */ = {isa = PBXBuildFile; fileRef = OBJ_19 /* PaletteViewController.swift */; };
		OBJ_55 /* Piece.swift in Sources */ = {isa = PBXBuildFile; fileRef = OBJ_20 /* Piece.swift */; };
		OBJ_56 /* PieceGroup.swift in Sources */ = {isa = PBXBuildFile; fileRef = OBJ_21 /* PieceGroup.swift */; };
		OBJ_57 /* PieceItem.swift in Sources */ = {isa = PBXBuildFile; fileRef = OBJ_22 /* PieceItem.swift */; };
		OBJ_58 /* PieceOutput.swift in Sources */ = {isa = PBXBuildFile; fileRef = OBJ_23 /* PieceOutput.swift */; };
		OBJ_59 /* PieceProxy.swift in Sources */ = {isa = PBXBuildFile; fileRef = OBJ_24 /* PieceProxy.swift */; };
		OBJ_60 /* PuzzleDataSource.swift in Sources */ = {isa = PBXBuildFile; fileRef = OBJ_25 /* PuzzleDataSource.swift */; };
		OBJ_61 /* PuzzleInput.swift in Sources */ = {isa = PBXBuildFile; fileRef = OBJ_26 /* PuzzleInput.swift */; };
		OBJ_62 /* PuzzleModule.swift in Sources */ = {isa = PBXBuildFile; fileRef = OBJ_27 /* PuzzleModule.swift */; };
		OBJ_63 /* PuzzleViewController.swift in Sources */ = {isa = PBXBuildFile; fileRef = OBJ_28 /* PuzzleViewController.swift */; };
		OBJ_64 /* SKMainScene.swift in Sources */ = {isa = PBXBuildFile; fileRef = OBJ_29 /* SKMainScene.swift */; };
		OBJ_65 /* SKPaletteNode.swift in Sources */ = {isa = PBXBuildFile; fileRef = OBJ_30 /* SKPaletteNode.swift */; };
		OBJ_66 /* Shuffle.swift in Sources */ = {isa = PBXBuildFile; fileRef = OBJ_31 /* Shuffle.swift */; };
		OBJ_67 /* UIImage+ResizedImage.swift in Sources */ = {isa = PBXBuildFile; fileRef = OBJ_32 /* UIImage+ResizedImage.swift */; };
		OBJ_68 /* UIView+AnchorPoint.swift in Sources */ = {isa = PBXBuildFile; fileRef = OBJ_33 /* UIView+AnchorPoint.swift */; };
		OBJ_69 /* UIView+AutoLayoutHelper.swift in Sources */ = {isa = PBXBuildFile; fileRef = OBJ_34 /* UIView+AutoLayoutHelper.swift */; };
		OBJ_70 /* UIView+EAGeom.swift in Sources */ = {isa = PBXBuildFile; fileRef = OBJ_35 /* UIView+EAGeom.swift */; };
		OBJ_77 /* Package.swift in Sources */ = {isa = PBXBuildFile; fileRef = OBJ_6 /* Package.swift */; };
		OBJ_88 /* PuzzleModuleTests.swift in Sources */ = {isa = PBXBuildFile; fileRef = OBJ_38 /* PuzzleModuleTests.swift */; };
		OBJ_89 /* XCTestManifests.swift in Sources */ = {isa = PBXBuildFile; fileRef = OBJ_39 /* XCTestManifests.swift */; };
		OBJ_91 /* PuzzleModule.framework in Frameworks */ = {isa = PBXBuildFile; fileRef = "PuzzleModule::PuzzleModule::Product" /* PuzzleModule.framework */; };
/* End PBXBuildFile section */

/* Begin PBXContainerItemProxy section */
		E9DF2D6F23A53B4B00F443AF /* PBXContainerItemProxy */ = {
			isa = PBXContainerItemProxy;
			containerPortal = OBJ_1 /* Project object */;
			proxyType = 1;
			remoteGlobalIDString = "PuzzleModule::PuzzleModule";
			remoteInfo = PuzzleModule;
		};
		E9DF2D7023A53B4C00F443AF /* PBXContainerItemProxy */ = {
			isa = PBXContainerItemProxy;
			containerPortal = OBJ_1 /* Project object */;
			proxyType = 1;
			remoteGlobalIDString = "PuzzleModule::PuzzleModuleTests";
			remoteInfo = PuzzleModuleTests;
		};
/* End PBXContainerItemProxy section */

/* Begin PBXFileReference section */
		OBJ_12 /* README.md */ = {isa = PBXFileReference; lastKnownFileType = net.daringfireball.markdown; path = README.md; sourceTree = "<group>"; };
		OBJ_14 /* BoardViewController.swift */ = {isa = PBXFileReference; lastKnownFileType = sourcecode.swift; path = BoardViewController.swift; sourceTree = "<group>"; };
		OBJ_15 /* CATransaction+Instant.swift */ = {isa = PBXFileReference; lastKnownFileType = sourcecode.swift; path = "CATransaction+Instant.swift"; sourceTree = "<group>"; };
		OBJ_16 /* EAPuzzleConfiguration.swift */ = {isa = PBXFileReference; lastKnownFileType = sourcecode.swift; path = EAPuzzleConfiguration.swift; sourceTree = "<group>"; };
		OBJ_17 /* PaletteCell.swift */ = {isa = PBXFileReference; lastKnownFileType = sourcecode.swift; path = PaletteCell.swift; sourceTree = "<group>"; };
		OBJ_18 /* PaletteOutput.swift */ = {isa = PBXFileReference; lastKnownFileType = sourcecode.swift; path = PaletteOutput.swift; sourceTree = "<group>"; };
		OBJ_19 /* PaletteViewController.swift */ = {isa = PBXFileReference; lastKnownFileType = sourcecode.swift; path = PaletteViewController.swift; sourceTree = "<group>"; };
		OBJ_20 /* Piece.swift */ = {isa = PBXFileReference; lastKnownFileType = sourcecode.swift; path = Piece.swift; sourceTree = "<group>"; };
		OBJ_21 /* PieceGroup.swift */ = {isa = PBXFileReference; lastKnownFileType = sourcecode.swift; path = PieceGroup.swift; sourceTree = "<group>"; };
		OBJ_22 /* PieceItem.swift */ = {isa = PBXFileReference; lastKnownFileType = sourcecode.swift; path = PieceItem.swift; sourceTree = "<group>"; };
		OBJ_23 /* PieceOutput.swift */ = {isa = PBXFileReference; lastKnownFileType = sourcecode.swift; path = PieceOutput.swift; sourceTree = "<group>"; };
		OBJ_24 /* PieceProxy.swift */ = {isa = PBXFileReference; lastKnownFileType = sourcecode.swift; path = PieceProxy.swift; sourceTree = "<group>"; };
		OBJ_25 /* PuzzleDataSource.swift */ = {isa = PBXFileReference; lastKnownFileType = sourcecode.swift; path = PuzzleDataSource.swift; sourceTree = "<group>"; };
		OBJ_26 /* PuzzleInput.swift */ = {isa = PBXFileReference; lastKnownFileType = sourcecode.swift; path = PuzzleInput.swift; sourceTree = "<group>"; };
		OBJ_27 /* PuzzleModule.swift */ = {isa = PBXFileReference; lastKnownFileType = sourcecode.swift; path = PuzzleModule.swift; sourceTree = "<group>"; };
		OBJ_28 /* PuzzleViewController.swift */ = {isa = PBXFileReference; lastKnownFileType = sourcecode.swift; path = PuzzleViewController.swift; sourceTree = "<group>"; };
		OBJ_29 /* SKMainScene.swift */ = {isa = PBXFileReference; lastKnownFileType = sourcecode.swift; path = SKMainScene.swift; sourceTree = "<group>"; };
		OBJ_30 /* SKPaletteNode.swift */ = {isa = PBXFileReference; lastKnownFileType = sourcecode.swift; path = SKPaletteNode.swift; sourceTree = "<group>"; };
		OBJ_31 /* Shuffle.swift */ = {isa = PBXFileReference; lastKnownFileType = sourcecode.swift; path = Shuffle.swift; sourceTree = "<group>"; };
		OBJ_32 /* UIImage+ResizedImage.swift */ = {isa = PBXFileReference; lastKnownFileType = sourcecode.swift; path = "UIImage+ResizedImage.swift"; sourceTree = "<group>"; };
		OBJ_33 /* UIView+AnchorPoint.swift */ = {isa = PBXFileReference; lastKnownFileType = sourcecode.swift; path = "UIView+AnchorPoint.swift"; sourceTree = "<group>"; };
		OBJ_34 /* UIView+AutoLayoutHelper.swift */ = {isa = PBXFileReference; lastKnownFileType = sourcecode.swift; path = "UIView+AutoLayoutHelper.swift"; sourceTree = "<group>"; };
		OBJ_35 /* UIView+EAGeom.swift */ = {isa = PBXFileReference; lastKnownFileType = sourcecode.swift; path = "UIView+EAGeom.swift"; sourceTree = "<group>"; };
		OBJ_38 /* PuzzleModuleTests.swift */ = {isa = PBXFileReference; lastKnownFileType = sourcecode.swift; path = PuzzleModuleTests.swift; sourceTree = "<group>"; };
		OBJ_39 /* XCTestManifests.swift */ = {isa = PBXFileReference; lastKnownFileType = sourcecode.swift; path = XCTestManifests.swift; sourceTree = "<group>"; };
		OBJ_43 /* PuzzleModule */ = {isa = PBXFileReference; lastKnownFileType = folder; path = PuzzleModule; sourceTree = SOURCE_ROOT; };
		OBJ_6 /* Package.swift */ = {isa = PBXFileReference; explicitFileType = sourcecode.swift; path = Package.swift; sourceTree = "<group>"; };
		"PuzzleModule::PuzzleModule::Product" /* PuzzleModule.framework */ = {isa = PBXFileReference; lastKnownFileType = wrapper.framework; path = PuzzleModule.framework; sourceTree = BUILT_PRODUCTS_DIR; };
		"PuzzleModule::PuzzleModuleTests::Product" /* PuzzleModuleTests.xctest */ = {isa = PBXFileReference; lastKnownFileType = file; path = PuzzleModuleTests.xctest; sourceTree = BUILT_PRODUCTS_DIR; };
/* End PBXFileReference section */

/* Begin PBXFrameworksBuildPhase section */
		OBJ_71 /* Frameworks */ = {
			isa = PBXFrameworksBuildPhase;
			buildActionMask = 0;
			files = (
			);
			runOnlyForDeploymentPostprocessing = 0;
		};
		OBJ_90 /* Frameworks */ = {
			isa = PBXFrameworksBuildPhase;
			buildActionMask = 0;
			files = (
				OBJ_91 /* PuzzleModule.framework in Frameworks */,
			);
			runOnlyForDeploymentPostprocessing = 0;
		};
/* End PBXFrameworksBuildPhase section */

/* Begin PBXGroup section */
		OBJ_13 /* PuzzleModule */ = {
			isa = PBXGroup;
			children = (
				OBJ_14 /* BoardViewController.swift */,
				OBJ_15 /* CATransaction+Instant.swift */,
				OBJ_16 /* EAPuzzleConfiguration.swift */,
				OBJ_17 /* PaletteCell.swift */,
				OBJ_18 /* PaletteOutput.swift */,
				OBJ_19 /* PaletteViewController.swift */,
				OBJ_20 /* Piece.swift */,
				OBJ_21 /* PieceGroup.swift */,
				OBJ_22 /* PieceItem.swift */,
				OBJ_23 /* PieceOutput.swift */,
				OBJ_24 /* PieceProxy.swift */,
				OBJ_25 /* PuzzleDataSource.swift */,
				OBJ_26 /* PuzzleInput.swift */,
				OBJ_27 /* PuzzleModule.swift */,
				OBJ_28 /* PuzzleViewController.swift */,
				OBJ_29 /* SKMainScene.swift */,
				OBJ_30 /* SKPaletteNode.swift */,
				OBJ_31 /* Shuffle.swift */,
				OBJ_32 /* UIImage+ResizedImage.swift */,
				OBJ_33 /* UIView+AnchorPoint.swift */,
				OBJ_34 /* UIView+AutoLayoutHelper.swift */,
				OBJ_35 /* UIView+EAGeom.swift */,
			);
			path = PuzzleModule;
			sourceTree = "<group>";
		};
		OBJ_36 /* Tests */ = {
			isa = PBXGroup;
			children = (
				OBJ_37 /* PuzzleModuleTests */,
			);
			name = Tests;
			sourceTree = SOURCE_ROOT;
		};
		OBJ_37 /* PuzzleModuleTests */ = {
			isa = PBXGroup;
			children = (
				OBJ_38 /* PuzzleModuleTests.swift */,
				OBJ_39 /* XCTestManifests.swift */,
			);
			name = PuzzleModuleTests;
			path = Tests/PuzzleModuleTests;
			sourceTree = SOURCE_ROOT;
		};
		OBJ_40 /* Products */ = {
			isa = PBXGroup;
			children = (
				"PuzzleModule::PuzzleModule::Product" /* PuzzleModule.framework */,
				"PuzzleModule::PuzzleModuleTests::Product" /* PuzzleModuleTests.xctest */,
			);
			name = Products;
			sourceTree = BUILT_PRODUCTS_DIR;
		};
		OBJ_5 = {
			isa = PBXGroup;
			children = (
				OBJ_6 /* Package.swift */,
				OBJ_7 /* Sources */,
				OBJ_36 /* Tests */,
				OBJ_40 /* Products */,
				OBJ_43 /* PuzzleModule */,
			);
			sourceTree = "<group>";
		};
		OBJ_7 /* Sources */ = {
			isa = PBXGroup;
			children = (
				OBJ_8 /* PuzzleModule */,
			);
			name = Sources;
			sourceTree = SOURCE_ROOT;
		};
		OBJ_8 /* PuzzleModule */ = {
			isa = PBXGroup;
			children = (
				OBJ_12 /* README.md */,
				OBJ_13 /* PuzzleModule */,
			);
			name = PuzzleModule;
			sourceTree = SOURCE_ROOT;
		};
/* End PBXGroup section */

/* Begin PBXNativeTarget section */
		"PuzzleModule::PuzzleModule" /* PuzzleModule */ = {
			isa = PBXNativeTarget;
			buildConfigurationList = OBJ_45 /* Build configuration list for PBXNativeTarget "PuzzleModule" */;
			buildPhases = (
				OBJ_48 /* Sources */,
				OBJ_71 /* Frameworks */,
			);
			buildRules = (
			);
			dependencies = (
			);
			name = PuzzleModule;
			productName = PuzzleModule;
			productReference = "PuzzleModule::PuzzleModule::Product" /* PuzzleModule.framework */;
			productType = "com.apple.product-type.framework";
		};
		"PuzzleModule::PuzzleModuleTests" /* PuzzleModuleTests */ = {
			isa = PBXNativeTarget;
			buildConfigurationList = OBJ_84 /* Build configuration list for PBXNativeTarget "PuzzleModuleTests" */;
			buildPhases = (
				OBJ_87 /* Sources */,
				OBJ_90 /* Frameworks */,
			);
			buildRules = (
			);
			dependencies = (
				OBJ_92 /* PBXTargetDependency */,
			);
			name = PuzzleModuleTests;
			productName = PuzzleModuleTests;
			productReference = "PuzzleModule::PuzzleModuleTests::Product" /* PuzzleModuleTests.xctest */;
			productType = "com.apple.product-type.bundle.unit-test";
		};
		"PuzzleModule::SwiftPMPackageDescription" /* PuzzleModulePackageDescription */ = {
			isa = PBXNativeTarget;
			buildConfigurationList = OBJ_73 /* Build configuration list for PBXNativeTarget "PuzzleModulePackageDescription" */;
			buildPhases = (
				OBJ_76 /* Sources */,
			);
			buildRules = (
			);
			dependencies = (
			);
			name = PuzzleModulePackageDescription;
			productName = PuzzleModulePackageDescription;
			productType = "com.apple.product-type.framework";
		};
/* End PBXNativeTarget section */

/* Begin PBXProject section */
		OBJ_1 /* Project object */ = {
			isa = PBXProject;
			attributes = {
				LastSwiftMigration = 9999;
				LastUpgradeCheck = 9999;
			};
			buildConfigurationList = OBJ_2 /* Build configuration list for PBXProject "PuzzleModule" */;
			compatibilityVersion = "Xcode 3.2";
			developmentRegion = en;
			hasScannedForEncodings = 0;
			knownRegions = (
				en,
			);
			mainGroup = OBJ_5;
			productRefGroup = OBJ_40 /* Products */;
			projectDirPath = "";
			projectRoot = "";
			targets = (
				"PuzzleModule::PuzzleModule" /* PuzzleModule */,
				"PuzzleModule::SwiftPMPackageDescription" /* PuzzleModulePackageDescription */,
				"PuzzleModule::PuzzleModulePackageTests::ProductTarget" /* PuzzleModulePackageTests */,
				"PuzzleModule::PuzzleModuleTests" /* PuzzleModuleTests */,
			);
		};
/* End PBXProject section */

/* Begin PBXSourcesBuildPhase section */
		OBJ_48 /* Sources */ = {
			isa = PBXSourcesBuildPhase;
			buildActionMask = 0;
			files = (
				OBJ_49 /* BoardViewController.swift in Sources */,
				OBJ_50 /* CATransaction+Instant.swift in Sources */,
				OBJ_51 /* EAPuzzleConfiguration.swift in Sources */,
				OBJ_52 /* PaletteCell.swift in Sources */,
				OBJ_53 /* PaletteOutput.swift in Sources */,
				OBJ_54 /* PaletteViewController.swift in Sources */,
				OBJ_55 /* Piece.swift in Sources */,
				OBJ_56 /* PieceGroup.swift in Sources */,
				OBJ_57 /* PieceItem.swift in Sources */,
				OBJ_58 /* PieceOutput.swift in Sources */,
				OBJ_59 /* PieceProxy.swift in Sources */,
				OBJ_60 /* PuzzleDataSource.swift in Sources */,
				OBJ_61 /* PuzzleInput.swift in Sources */,
				OBJ_62 /* PuzzleModule.swift in Sources */,
				OBJ_63 /* PuzzleViewController.swift in Sources */,
				OBJ_64 /* SKMainScene.swift in Sources */,
				OBJ_65 /* SKPaletteNode.swift in Sources */,
				OBJ_66 /* Shuffle.swift in Sources */,
				OBJ_67 /* UIImage+ResizedImage.swift in Sources */,
				OBJ_68 /* UIView+AnchorPoint.swift in Sources */,
				OBJ_69 /* UIView+AutoLayoutHelper.swift in Sources */,
				OBJ_70 /* UIView+EAGeom.swift in Sources */,
			);
			runOnlyForDeploymentPostprocessing = 0;
		};
		OBJ_76 /* Sources */ = {
			isa = PBXSourcesBuildPhase;
			buildActionMask = 0;
			files = (
				OBJ_77 /* Package.swift in Sources */,
			);
			runOnlyForDeploymentPostprocessing = 0;
		};
		OBJ_87 /* Sources */ = {
			isa = PBXSourcesBuildPhase;
			buildActionMask = 0;
			files = (
				OBJ_88 /* PuzzleModuleTests.swift in Sources */,
				OBJ_89 /* XCTestManifests.swift in Sources */,
			);
			runOnlyForDeploymentPostprocessing = 0;
		};
/* End PBXSourcesBuildPhase section */

/* Begin PBXTargetDependency section */
		OBJ_82 /* PBXTargetDependency */ = {
			isa = PBXTargetDependency;
			target = "PuzzleModule::PuzzleModuleTests" /* PuzzleModuleTests */;
			targetProxy = E9DF2D7023A53B4C00F443AF /* PBXContainerItemProxy */;
		};
		OBJ_92 /* PBXTargetDependency */ = {
			isa = PBXTargetDependency;
			target = "PuzzleModule::PuzzleModule" /* PuzzleModule */;
			targetProxy = E9DF2D6F23A53B4B00F443AF /* PBXContainerItemProxy */;
		};
/* End PBXTargetDependency section */

/* Begin XCBuildConfiguration section */
		OBJ_3 /* Debug */ = {
			isa = XCBuildConfiguration;
			buildSettings = {
				CLANG_ENABLE_OBJC_ARC = YES;
				COMBINE_HIDPI_IMAGES = YES;
				COPY_PHASE_STRIP = NO;
				DEBUG_INFORMATION_FORMAT = dwarf;
				DYLIB_INSTALL_NAME_BASE = "@rpath";
				ENABLE_NS_ASSERTIONS = YES;
				GCC_OPTIMIZATION_LEVEL = 0;
				GCC_PREPROCESSOR_DEFINITIONS = (
					"$(inherited)",
					"SWIFT_PACKAGE=1",
					"DEBUG=1",
				);
				MACOSX_DEPLOYMENT_TARGET = 10.10;
				ONLY_ACTIVE_ARCH = YES;
				OTHER_SWIFT_FLAGS = "$(inherited) -DXcode";
				PRODUCT_NAME = "$(TARGET_NAME)";
				SDKROOT = macosx;
				SUPPORTED_PLATFORMS = "macosx iphoneos iphonesimulator appletvos appletvsimulator watchos watchsimulator";
				SWIFT_ACTIVE_COMPILATION_CONDITIONS = "$(inherited) SWIFT_PACKAGE DEBUG";
				SWIFT_OPTIMIZATION_LEVEL = "-Onone";
				USE_HEADERMAP = NO;
			};
			name = Debug;
		};
		OBJ_4 /* Release */ = {
			isa = XCBuildConfiguration;
			buildSettings = {
				CLANG_ENABLE_OBJC_ARC = YES;
				COMBINE_HIDPI_IMAGES = YES;
				COPY_PHASE_STRIP = YES;
				DEBUG_INFORMATION_FORMAT = "dwarf-with-dsym";
				DYLIB_INSTALL_NAME_BASE = "@rpath";
				GCC_OPTIMIZATION_LEVEL = s;
				GCC_PREPROCESSOR_DEFINITIONS = (
					"$(inherited)",
					"SWIFT_PACKAGE=1",
				);
				MACOSX_DEPLOYMENT_TARGET = 10.10;
				OTHER_SWIFT_FLAGS = "$(inherited) -DXcode";
				PRODUCT_NAME = "$(TARGET_NAME)";
				SDKROOT = macosx;
				SUPPORTED_PLATFORMS = "macosx iphoneos iphonesimulator appletvos appletvsimulator watchos watchsimulator";
				SWIFT_ACTIVE_COMPILATION_CONDITIONS = "$(inherited) SWIFT_PACKAGE";
				SWIFT_OPTIMIZATION_LEVEL = "-Owholemodule";
				USE_HEADERMAP = NO;
			};
			name = Release;
		};
		OBJ_46 /* Debug */ = {
			isa = XCBuildConfiguration;
			buildSettings = {
				ENABLE_TESTABILITY = YES;
				FRAMEWORK_SEARCH_PATHS = (
					"$(inherited)",
					"$(PLATFORM_DIR)/Developer/Library/Frameworks",
				);
				HEADER_SEARCH_PATHS = "$(inherited)";
				INFOPLIST_FILE = PuzzleModule.xcodeproj/PuzzleModule_Info.plist;
				IPHONEOS_DEPLOYMENT_TARGET = 8.0;
				LD_RUNPATH_SEARCH_PATHS = "$(inherited) $(TOOLCHAIN_DIR)/usr/lib/swift/macosx";
				MACOSX_DEPLOYMENT_TARGET = 10.10;
				OTHER_CFLAGS = "$(inherited)";
				OTHER_LDFLAGS = "$(inherited)";
				OTHER_SWIFT_FLAGS = "$(inherited)";
				PRODUCT_BUNDLE_IDENTIFIER = PuzzleModule;
				PRODUCT_MODULE_NAME = "$(TARGET_NAME:c99extidentifier)";
				PRODUCT_NAME = "$(TARGET_NAME:c99extidentifier)";
				SKIP_INSTALL = YES;
				SWIFT_ACTIVE_COMPILATION_CONDITIONS = "$(inherited)";
				SWIFT_VERSION = 5.0;
				TARGET_NAME = PuzzleModule;
				TVOS_DEPLOYMENT_TARGET = 9.0;
				WATCHOS_DEPLOYMENT_TARGET = 2.0;
			};
			name = Debug;
		};
		OBJ_47 /* Release */ = {
			isa = XCBuildConfiguration;
			buildSettings = {
				ENABLE_TESTABILITY = YES;
				FRAMEWORK_SEARCH_PATHS = (
					"$(inherited)",
					"$(PLATFORM_DIR)/Developer/Library/Frameworks",
				);
				HEADER_SEARCH_PATHS = "$(inherited)";
				INFOPLIST_FILE = PuzzleModule.xcodeproj/PuzzleModule_Info.plist;
				IPHONEOS_DEPLOYMENT_TARGET = 8.0;
				LD_RUNPATH_SEARCH_PATHS = "$(inherited) $(TOOLCHAIN_DIR)/usr/lib/swift/macosx";
				MACOSX_DEPLOYMENT_TARGET = 10.10;
				OTHER_CFLAGS = "$(inherited)";
				OTHER_LDFLAGS = "$(inherited)";
				OTHER_SWIFT_FLAGS = "$(inherited)";
				PRODUCT_BUNDLE_IDENTIFIER = PuzzleModule;
				PRODUCT_MODULE_NAME = "$(TARGET_NAME:c99extidentifier)";
				PRODUCT_NAME = "$(TARGET_NAME:c99extidentifier)";
				SKIP_INSTALL = YES;
				SWIFT_ACTIVE_COMPILATION_CONDITIONS = "$(inherited)";
				SWIFT_VERSION = 5.0;
				TARGET_NAME = PuzzleModule;
				TVOS_DEPLOYMENT_TARGET = 9.0;
				WATCHOS_DEPLOYMENT_TARGET = 2.0;
			};
			name = Release;
		};
		OBJ_74 /* Debug */ = {
			isa = XCBuildConfiguration;
			buildSettings = {
				LD = /usr/bin/true;
				OTHER_SWIFT_FLAGS = "-swift-version 5 -I $(TOOLCHAIN_DIR)/usr/lib/swift/pm/4_2 -target x86_64-apple-macosx10.10 -sdk /Applications/Xcode.app/Contents/Developer/Platforms/MacOSX.platform/Developer/SDKs/MacOSX10.15.sdk -package-description-version 5.1";
				SWIFT_VERSION = 5.0;
			};
			name = Debug;
		};
		OBJ_75 /* Release */ = {
			isa = XCBuildConfiguration;
			buildSettings = {
				LD = /usr/bin/true;
				OTHER_SWIFT_FLAGS = "-swift-version 5 -I $(TOOLCHAIN_DIR)/usr/lib/swift/pm/4_2 -target x86_64-apple-macosx10.10 -sdk /Applications/Xcode.app/Contents/Developer/Platforms/MacOSX.platform/Developer/SDKs/MacOSX10.15.sdk -package-description-version 5.1";
				SWIFT_VERSION = 5.0;
			};
			name = Release;
		};
		OBJ_80 /* Debug */ = {
			isa = XCBuildConfiguration;
			buildSettings = {
			};
			name = Debug;
		};
		OBJ_81 /* Release */ = {
			isa = XCBuildConfiguration;
			buildSettings = {
			};
			name = Release;
		};
		OBJ_85 /* Debug */ = {
			isa = XCBuildConfiguration;
			buildSettings = {
				CLANG_ENABLE_MODULES = YES;
				EMBEDDED_CONTENT_CONTAINS_SWIFT = YES;
				FRAMEWORK_SEARCH_PATHS = (
					"$(inherited)",
					"$(PLATFORM_DIR)/Developer/Library/Frameworks",
				);
				HEADER_SEARCH_PATHS = "$(inherited)";
				INFOPLIST_FILE = PuzzleModule.xcodeproj/PuzzleModuleTests_Info.plist;
				IPHONEOS_DEPLOYMENT_TARGET = 8.0;
				LD_RUNPATH_SEARCH_PATHS = "$(inherited) @loader_path/../Frameworks @loader_path/Frameworks";
				MACOSX_DEPLOYMENT_TARGET = 10.10;
				OTHER_CFLAGS = "$(inherited)";
				OTHER_LDFLAGS = "$(inherited)";
				OTHER_SWIFT_FLAGS = "$(inherited)";
				SWIFT_ACTIVE_COMPILATION_CONDITIONS = "$(inherited)";
				SWIFT_VERSION = 5.0;
				TARGET_NAME = PuzzleModuleTests;
				TVOS_DEPLOYMENT_TARGET = 9.0;
				WATCHOS_DEPLOYMENT_TARGET = 2.0;
			};
			name = Debug;
		};
		OBJ_86 /* Release */ = {
			isa = XCBuildConfiguration;
			buildSettings = {
				CLANG_ENABLE_MODULES = YES;
				EMBEDDED_CONTENT_CONTAINS_SWIFT = YES;
				FRAMEWORK_SEARCH_PATHS = (
					"$(inherited)",
					"$(PLATFORM_DIR)/Developer/Library/Frameworks",
				);
				HEADER_SEARCH_PATHS = "$(inherited)";
				INFOPLIST_FILE = PuzzleModule.xcodeproj/PuzzleModuleTests_Info.plist;
				IPHONEOS_DEPLOYMENT_TARGET = 8.0;
				LD_RUNPATH_SEARCH_PATHS = "$(inherited) @loader_path/../Frameworks @loader_path/Frameworks";
				MACOSX_DEPLOYMENT_TARGET = 10.10;
				OTHER_CFLAGS = "$(inherited)";
				OTHER_LDFLAGS = "$(inherited)";
				OTHER_SWIFT_FLAGS = "$(inherited)";
				SWIFT_ACTIVE_COMPILATION_CONDITIONS = "$(inherited)";
				SWIFT_VERSION = 5.0;
				TARGET_NAME = PuzzleModuleTests;
				TVOS_DEPLOYMENT_TARGET = 9.0;
				WATCHOS_DEPLOYMENT_TARGET = 2.0;
			};
			name = Release;
		};
/* End XCBuildConfiguration section */

/* Begin XCConfigurationList section */
		OBJ_2 /* Build configuration list for PBXProject "PuzzleModule" */ = {
			isa = XCConfigurationList;
			buildConfigurations = (
				OBJ_3 /* Debug */,
				OBJ_4 /* Release */,
			);
			defaultConfigurationIsVisible = 0;
			defaultConfigurationName = Release;
		};
		OBJ_45 /* Build configuration list for PBXNativeTarget "PuzzleModule" */ = {
			isa = XCConfigurationList;
			buildConfigurations = (
				OBJ_46 /* Debug */,
				OBJ_47 /* Release */,
			);
			defaultConfigurationIsVisible = 0;
			defaultConfigurationName = Release;
		};
		OBJ_73 /* Build configuration list for PBXNativeTarget "PuzzleModulePackageDescription" */ = {
			isa = XCConfigurationList;
			buildConfigurations = (
				OBJ_74 /* Debug */,
				OBJ_75 /* Release */,
			);
			defaultConfigurationIsVisible = 0;
			defaultConfigurationName = Release;
		};
		OBJ_79 /* Build configuration list for PBXAggregateTarget "PuzzleModulePackageTests" */ = {
			isa = XCConfigurationList;
			buildConfigurations = (
				OBJ_80 /* Debug */,
				OBJ_81 /* Release */,
			);
			defaultConfigurationIsVisible = 0;
			defaultConfigurationName = Release;
		};
		OBJ_84 /* Build configuration list for PBXNativeTarget "PuzzleModuleTests" */ = {
			isa = XCConfigurationList;
			buildConfigurations = (
				OBJ_85 /* Debug */,
				OBJ_86 /* Release */,
			);
			defaultConfigurationIsVisible = 0;
			defaultConfigurationName = Release;
		};
/* End XCConfigurationList section */
	};
	rootObject = OBJ_1 /* Project object */;
}
